
Microsoft Visual Studio Solution File, Format Version 12.00
# Visual Studio Version 17
VisualStudioVersion = 17.10.35004.147
MinimumVisualStudioVersion = 10.0.40219.1
Project("{FAE04EC0-301F-11D3-BF4B-00C04F79EFBC}") = "EF-DatabaseFirst", "EF-DatabaseFirst\EF-DatabaseFirst.csproj", "{A5F77060-7FBC-4459-8162-60AEBDE59381}"
EndProject
Global
	GlobalSection(SolutionConfigurationPlatforms) = preSolution
		Debug|Any CPU = Debug|Any CPU
		Release|Any CPU = Release|Any CPU
	EndGlobalSection
	GlobalSection(ProjectConfigurationPlatforms) = postSolution
		{A5F77060-7FBC-4459-8162-60AEBDE59381}.Debug|Any CPU.ActiveCfg = Debug|Any CPU
		{A5F77060-7FBC-4459-8162-60AEBDE59381}.Debug|Any CPU.Build.0 = Debug|Any CPU
		{A5F77060-7FBC-4459-8162-60AEBDE59381}.Release|Any CPU.ActiveCfg = Release|Any CPU
		{A5F77060-7FBC-4459-8162-60AEBDE59381}.Release|Any CPU.Build.0 = Release|Any CPU
	EndGlobalSection
	GlobalSection(SolutionProperties) = preSolution
		HideSolutionNode = FALSE
	EndGlobalSection
	GlobalSection(ExtensibilityGlobals) = postSolution
		SolutionGuid = {4F3481D3-93B6-4966-B446-09D4D1DBA776}
	EndGlobalSection
EndGlobal
